
Microsoft Visual Studio Solution File, Format Version 12.00
# Visual Studio Version 17
VisualStudioVersion = 17.9.34607.119
MinimumVisualStudioVersion = 10.0.40219.1
Project("{FAE04EC0-301F-11D3-BF4B-00C04F79EFBC}") = "Ordenamiento de carpetas", "Ordenamiento de carpetas\Ordenamiento de carpetas.csproj", "{9EED35FA-D746-4E5F-A3C0-E752FE601171}"
EndProject
Global
	GlobalSection(SolutionConfigurationPlatforms) = preSolution
		Debug|Any CPU = Debug|Any CPU
		Release|Any CPU = Release|Any CPU
	EndGlobalSection
	GlobalSection(ProjectConfigurationPlatforms) = postSolution
		{9EED35FA-D746-4E5F-A3C0-E752FE601171}.Debug|Any CPU.ActiveCfg = Debug|Any CPU
		{9EED35FA-D746-4E5F-A3C0-E752FE601171}.Debug|Any CPU.Build.0 = Debug|Any CPU
		{9EED35FA-D746-4E5F-A3C0-E752FE601171}.Release|Any CPU.ActiveCfg = Release|Any CPU
		{9EED35FA-D746-4E5F-A3C0-E752FE601171}.Release|Any CPU.Build.0 = Release|Any CPU
	EndGlobalSection
	GlobalSection(SolutionProperties) = preSolution
		HideSolutionNode = FALSE
	EndGlobalSection
	GlobalSection(ExtensibilityGlobals) = postSolution
		SolutionGuid = {DEC3AA16-8867-4307-995F-E6D692284608}
	EndGlobalSection
EndGlobal
